
Microsoft Visual Studio Solution File, Format Version 12.00
# Visual Studio Version 17
VisualStudioVersion = 17.14.36429.23 d17.14
MinimumVisualStudioVersion = 10.0.40219.1
Project("{FAE04EC0-301F-11D3-BF4B-00C04F79EFBC}") = "prace", "prace\prace.csproj", "{FED3FA05-E24E-498E-8B9D-C38A2332DBE0}"
EndProject
Global
	GlobalSection(SolutionConfigurationPlatforms) = preSolution
		Debug|Any CPU = Debug|Any CPU
		Release|Any CPU = Release|Any CPU
	EndGlobalSection
	GlobalSection(ProjectConfigurationPlatforms) = postSolution
		{FED3FA05-E24E-498E-8B9D-C38A2332DBE0}.Debug|Any CPU.ActiveCfg = Debug|Any CPU
		{FED3FA05-E24E-498E-8B9D-C38A2332DBE0}.Debug|Any CPU.Build.0 = Debug|Any CPU
		{FED3FA05-E24E-498E-8B9D-C38A2332DBE0}.Release|Any CPU.ActiveCfg = Release|Any CPU
		{FED3FA05-E24E-498E-8B9D-C38A2332DBE0}.Release|Any CPU.Build.0 = Release|Any CPU
	EndGlobalSection
	GlobalSection(SolutionProperties) = preSolution
		HideSolutionNode = FALSE
	EndGlobalSection
	GlobalSection(ExtensibilityGlobals) = postSolution
		SolutionGuid = {078705F2-CD52-4F48-9E8D-6442D3D6BC0C}
	EndGlobalSection
EndGlobal
