
Microsoft Visual Studio Solution File, Format Version 12.00
# Visual Studio Version 17
VisualStudioVersion = 17.14.36429.23 d17.14
MinimumVisualStudioVersion = 10.0.40219.1
Project("{FAE04EC0-301F-11D3-BF4B-00C04F79EFBC}") = "math function library", "math function library\math function library.csproj", "{C6F72ED4-8352-40EC-8342-884B2D512373}"
EndProject
Global
	GlobalSection(SolutionConfigurationPlatforms) = preSolution
		Debug|Any CPU = Debug|Any CPU
		Release|Any CPU = Release|Any CPU
	EndGlobalSection
	GlobalSection(ProjectConfigurationPlatforms) = postSolution
		{C6F72ED4-8352-40EC-8342-884B2D512373}.Debug|Any CPU.ActiveCfg = Debug|Any CPU
		{C6F72ED4-8352-40EC-8342-884B2D512373}.Debug|Any CPU.Build.0 = Debug|Any CPU
		{C6F72ED4-8352-40EC-8342-884B2D512373}.Release|Any CPU.ActiveCfg = Release|Any CPU
		{C6F72ED4-8352-40EC-8342-884B2D512373}.Release|Any CPU.Build.0 = Release|Any CPU
	EndGlobalSection
	GlobalSection(SolutionProperties) = preSolution
		HideSolutionNode = FALSE
	EndGlobalSection
	GlobalSection(ExtensibilityGlobals) = postSolution
		SolutionGuid = {EE7153A4-0889-42A1-9A7A-27E0F003ED0C}
	EndGlobalSection
EndGlobal
